
Microsoft Visual Studio Solution File, Format Version 11.00
# Visual Studio 2010
Project("{FAE04EC0-301F-11D3-BF4B-00C04F79EFBC}") = "nc-unity-bss", "Assembly-CSharp.csproj", "{C5A71A01-19FF-0C3A-4F88-FBFE197910F3}"
EndProject
Project("{FAE04EC0-301F-11D3-BF4B-00C04F79EFBC}") = "nc-unity-bss", "Assembly-CSharp-Editor.csproj", "{EE5DDED3-40A9-295D-FBC1-04A0662EF2A0}"
EndProject
Global
	GlobalSection(SolutionConfigurationPlatforms) = preSolution
		Debug|Any CPU = Debug|Any CPU
		Release|Any CPU = Release|Any CPU
	EndGlobalSection
	GlobalSection(ProjectConfigurationPlatforms) = postSolution
		{C5A71A01-19FF-0C3A-4F88-FBFE197910F3}.Debug|Any CPU.ActiveCfg = Debug|Any CPU
		{C5A71A01-19FF-0C3A-4F88-FBFE197910F3}.Debug|Any CPU.Build.0 = Debug|Any CPU
		{C5A71A01-19FF-0C3A-4F88-FBFE197910F3}.Release|Any CPU.ActiveCfg = Release|Any CPU
		{C5A71A01-19FF-0C3A-4F88-FBFE197910F3}.Release|Any CPU.Build.0 = Release|Any CPU
		{EE5DDED3-40A9-295D-FBC1-04A0662EF2A0}.Debug|Any CPU.ActiveCfg = Debug|Any CPU
		{EE5DDED3-40A9-295D-FBC1-04A0662EF2A0}.Debug|Any CPU.Build.0 = Debug|Any CPU
		{EE5DDED3-40A9-295D-FBC1-04A0662EF2A0}.Release|Any CPU.ActiveCfg = Release|Any CPU
		{EE5DDED3-40A9-295D-FBC1-04A0662EF2A0}.Release|Any CPU.Build.0 = Release|Any CPU
	EndGlobalSection
	GlobalSection(SolutionProperties) = preSolution
		HideSolutionNode = FALSE
	EndGlobalSection
	GlobalSection(MonoDevelopProperties) = preSolution
		StartupItem = Assembly-CSharp.csproj
	EndGlobalSection
EndGlobal
